<?xml version="1.0" encoding="utf-8"?>
<Project ToolsVersion="4.0" xmlns="http://schemas.microsoft.com/developer/msbuild/2003">
  <ItemGroup>
    <Filter Include="소스 파일">
      <UniqueIdentifier>{4FC737F1-C7A5-4376-A066-2A32D752A2FF}</UniqueIdentifier>
      <Extensions>cpp;c;cc;cxx;c++;cppm;ixx;def;odl;idl;hpj;bat;asm;asmx</Extensions>
    </Filter>
    <Filter Include="헤더 파일">
      <UniqueIdentifier>{93995380-89BD-4b04-88EB-625FBE52EBFB}</UniqueIdentifier>
      <Extensions>h;hh;hpp;hxx;h++;hm;inl;inc;ipp;xsd</Extensions>
    </Filter>
    <Filter Include="리소스 파일">
      <UniqueIdentifier>{67DA6AB6-F800-4c08-8B7A-83BB121AAD01}</UniqueIdentifier>
      <Extensions>rc;ico;cur;bmp;dlg;rc2;rct;bin;rgs;gif;jpg;jpeg;jpe;resx;tiff;tif;png;wav;mfcribbon-ms</Extensions>
    </Filter>
    <Filter Include="소스 파일\0213">
      <UniqueIdentifier>{6f5da696-7e62-4fc0-894c-37590aaf3826}</UniqueIdentifier>
    </Filter>
    <Filter Include="소스 파일\before0213">
      <UniqueIdentifier>{df012d0f-a48c-4a68-b3b0-6bc64f87d2e2}</UniqueIdentifier>
    </Filter>
    <Filter Include="소스 파일\0216">
      <UniqueIdentifier>{094365de-7bf8-4d51-b504-1c29c15db2a4}</UniqueIdentifier>
    </Filter>
    <Filter Include="소스 파일\0220">
      <UniqueIdentifier>{1f62777b-ebb2-4d92-9d19-15d37e50e1ca}</UniqueIdentifier>
    </Filter>
    <Filter Include="소스 파일\0222">
      <UniqueIdentifier>{3dfa8ca0-361b-4b8a-a7d6-e8097087f436}</UniqueIdentifier>
    </Filter>
  </ItemGroup>
  <ItemGroup>
    <ClCompile Include="graphEx1.cpp">
      <Filter>소스 파일\0213</Filter>
    </ClCompile>
    <ClCompile Include="org.cpp">
      <Filter>소스 파일\0213</Filter>
    </ClCompile>
    <ClCompile Include="2346_mj.cpp">
      <Filter>소스 파일\before0213</Filter>
    </ClCompile>
    <ClCompile Include="9012_BJ.cpp">
      <Filter>소스 파일\before0213</Filter>
    </ClCompile>
    <ClCompile Include="10866BJ_mj.cpp">
      <Filter>소스 파일\before0213</Filter>
    </ClCompile>
    <ClCompile Include="alth_mj1.cpp">
      <Filter>소스 파일\before0213</Filter>
    </ClCompile>
    <ClCompile Include="itMove.cpp">
      <Filter>소스 파일\before0213</Filter>
    </ClCompile>
    <ClCompile Include="1991_0214.cpp">
      <Filter>소스 파일\0213</Filter>
    </ClCompile>
    <ClCompile Include="maxHeap.cpp">
      <Filter>소스 파일\0216</Filter>
    </ClCompile>
    <ClCompile Include="maxHeap_update.cpp">
      <Filter>소스 파일\0216</Filter>
    </ClCompile>
    <ClCompile Include="maze.cpp">
      <Filter>소스 파일\0216</Filter>
    </ClCompile>
    <ClCompile Include="island.cpp">
      <Filter>소스 파일\0216</Filter>
    </ClCompile>
    <ClCompile Include="lonString.cpp">
      <Filter>소스 파일\0220</Filter>
    </ClCompile>
    <ClCompile Include="10430.cpp">
      <Filter>소스 파일\0220</Filter>
    </ClCompile>
    <ClCompile Include="simpleBackpack.cpp">
      <Filter>소스 파일\0220</Filter>
    </ClCompile>
    <ClCompile Include="11098.cpp">
      <Filter>소스 파일\0220</Filter>
    </ClCompile>
    <ClCompile Include="ioioi.cpp">
      <Filter>소스 파일\0222</Filter>
    </ClCompile>
    <ClCompile Include="longS.cpp">
      <Filter>소스 파일\0222</Filter>
    </ClCompile>
    <ClCompile Include="findNum.cpp">
      <Filter>소스 파일\0222</Filter>
    </ClCompile>
    <ClCompile Include="newIOIOI.cpp">
      <Filter>소스 파일\0222</Filter>
    </ClCompile>
  </ItemGroup>
  <ItemGroup>
    <ClInclude Include="LList.h">
      <Filter>헤더 파일</Filter>
    </ClInclude>
  </ItemGroup>
</Project>